
Microsoft Visual Studio Solution File, Format Version 12.00
# Visual Studio 15
VisualStudioVersion = 15.0.26124.0
MinimumVisualStudioVersion = 15.0.26124.0
Project("{FAE04EC0-301F-11D3-BF4B-00C04F79EFBC}") = "Server", "DB\Server.csproj", "{B681CCF8-B9FD-47AC-93EC-C2440C094108}"
EndProject
Project("{FAE04EC0-301F-11D3-BF4B-00C04F79EFBC}") = "DB.Tests", "DB.Tests\DB.Tests.csproj", "{F32A59BF-9883-4993-903E-2650640A7F89}"
EndProject
Project("{FAE04EC0-301F-11D3-BF4B-00C04F79EFBC}") = "mvp", "server\mvp.csproj", "{DB020CE5-127D-4937-A262-59D6BEB55750}"
EndProject
Global
	GlobalSection(SolutionConfigurationPlatforms) = preSolution
		Debug|Any CPU = Debug|Any CPU
		Debug|x64 = Debug|x64
		Debug|x86 = Debug|x86
		Release|Any CPU = Release|Any CPU
		Release|x64 = Release|x64
		Release|x86 = Release|x86
	EndGlobalSection
	GlobalSection(SolutionProperties) = preSolution
		HideSolutionNode = FALSE
	EndGlobalSection
	GlobalSection(ProjectConfigurationPlatforms) = postSolution
		{B681CCF8-B9FD-47AC-93EC-C2440C094108}.Debug|Any CPU.ActiveCfg = Debug|Any CPU
		{B681CCF8-B9FD-47AC-93EC-C2440C094108}.Debug|Any CPU.Build.0 = Debug|Any CPU
		{B681CCF8-B9FD-47AC-93EC-C2440C094108}.Debug|x64.ActiveCfg = Debug|Any CPU
		{B681CCF8-B9FD-47AC-93EC-C2440C094108}.Debug|x64.Build.0 = Debug|Any CPU
		{B681CCF8-B9FD-47AC-93EC-C2440C094108}.Debug|x86.ActiveCfg = Debug|Any CPU
		{B681CCF8-B9FD-47AC-93EC-C2440C094108}.Debug|x86.Build.0 = Debug|Any CPU
		{B681CCF8-B9FD-47AC-93EC-C2440C094108}.Release|Any CPU.ActiveCfg = Release|Any CPU
		{B681CCF8-B9FD-47AC-93EC-C2440C094108}.Release|Any CPU.Build.0 = Release|Any CPU
		{B681CCF8-B9FD-47AC-93EC-C2440C094108}.Release|x64.ActiveCfg = Release|Any CPU
		{B681CCF8-B9FD-47AC-93EC-C2440C094108}.Release|x64.Build.0 = Release|Any CPU
		{B681CCF8-B9FD-47AC-93EC-C2440C094108}.Release|x86.ActiveCfg = Release|Any CPU
		{B681CCF8-B9FD-47AC-93EC-C2440C094108}.Release|x86.Build.0 = Release|Any CPU
		{F32A59BF-9883-4993-903E-2650640A7F89}.Debug|Any CPU.ActiveCfg = Debug|Any CPU
		{F32A59BF-9883-4993-903E-2650640A7F89}.Debug|Any CPU.Build.0 = Debug|Any CPU
		{F32A59BF-9883-4993-903E-2650640A7F89}.Debug|x64.ActiveCfg = Debug|Any CPU
		{F32A59BF-9883-4993-903E-2650640A7F89}.Debug|x64.Build.0 = Debug|Any CPU
		{F32A59BF-9883-4993-903E-2650640A7F89}.Debug|x86.ActiveCfg = Debug|Any CPU
		{F32A59BF-9883-4993-903E-2650640A7F89}.Debug|x86.Build.0 = Debug|Any CPU
		{F32A59BF-9883-4993-903E-2650640A7F89}.Release|Any CPU.ActiveCfg = Release|Any CPU
		{F32A59BF-9883-4993-903E-2650640A7F89}.Release|Any CPU.Build.0 = Release|Any CPU
		{F32A59BF-9883-4993-903E-2650640A7F89}.Release|x64.ActiveCfg = Release|Any CPU
		{F32A59BF-9883-4993-903E-2650640A7F89}.Release|x64.Build.0 = Release|Any CPU
		{F32A59BF-9883-4993-903E-2650640A7F89}.Release|x86.ActiveCfg = Release|Any CPU
		{F32A59BF-9883-4993-903E-2650640A7F89}.Release|x86.Build.0 = Release|Any CPU
		{DB020CE5-127D-4937-A262-59D6BEB55750}.Debug|Any CPU.ActiveCfg = Debug|Any CPU
		{DB020CE5-127D-4937-A262-59D6BEB55750}.Debug|Any CPU.Build.0 = Debug|Any CPU
		{DB020CE5-127D-4937-A262-59D6BEB55750}.Debug|x64.ActiveCfg = Debug|Any CPU
		{DB020CE5-127D-4937-A262-59D6BEB55750}.Debug|x64.Build.0 = Debug|Any CPU
		{DB020CE5-127D-4937-A262-59D6BEB55750}.Debug|x86.ActiveCfg = Debug|Any CPU
		{DB020CE5-127D-4937-A262-59D6BEB55750}.Debug|x86.Build.0 = Debug|Any CPU
		{DB020CE5-127D-4937-A262-59D6BEB55750}.Release|Any CPU.ActiveCfg = Release|Any CPU
		{DB020CE5-127D-4937-A262-59D6BEB55750}.Release|Any CPU.Build.0 = Release|Any CPU
		{DB020CE5-127D-4937-A262-59D6BEB55750}.Release|x64.ActiveCfg = Release|Any CPU
		{DB020CE5-127D-4937-A262-59D6BEB55750}.Release|x64.Build.0 = Release|Any CPU
		{DB020CE5-127D-4937-A262-59D6BEB55750}.Release|x86.ActiveCfg = Release|Any CPU
		{DB020CE5-127D-4937-A262-59D6BEB55750}.Release|x86.Build.0 = Release|Any CPU
	EndGlobalSection
EndGlobal
